
Microsoft Visual Studio Solution File, Format Version 12.00
# Visual Studio Version 17
VisualStudioVersion = 17.1.32421.90
MinimumVisualStudioVersion = 10.0.40219.1
Project("{9A19103F-16F7-4668-BE54-9A1E7A4F7556}") = "LanCopyFiles", "LanCopyFiles\LanCopyFiles.csproj", "{DD951790-3EA0-4C6F-94CF-A7A53912406C}"
EndProject
Project("{FAE04EC0-301F-11D3-BF4B-00C04F79EFBC}") = "EasyFileTransfer", "EasyFileTransfer\EasyFileTransfer.csproj", "{268D119A-0C5B-47AC-9B80-28B6B3753BD7}"
EndProject
Global
	GlobalSection(SolutionConfigurationPlatforms) = preSolution
		Debug|Any CPU = Debug|Any CPU
		Release|Any CPU = Release|Any CPU
	EndGlobalSection
	GlobalSection(ProjectConfigurationPlatforms) = postSolution
		{DD951790-3EA0-4C6F-94CF-A7A53912406C}.Debug|Any CPU.ActiveCfg = Debug|Any CPU
		{DD951790-3EA0-4C6F-94CF-A7A53912406C}.Debug|Any CPU.Build.0 = Debug|Any CPU
		{DD951790-3EA0-4C6F-94CF-A7A53912406C}.Release|Any CPU.ActiveCfg = Release|Any CPU
		{DD951790-3EA0-4C6F-94CF-A7A53912406C}.Release|Any CPU.Build.0 = Release|Any CPU
		{268D119A-0C5B-47AC-9B80-28B6B3753BD7}.Debug|Any CPU.ActiveCfg = Debug|Any CPU
		{268D119A-0C5B-47AC-9B80-28B6B3753BD7}.Debug|Any CPU.Build.0 = Debug|Any CPU
		{268D119A-0C5B-47AC-9B80-28B6B3753BD7}.Release|Any CPU.ActiveCfg = Release|Any CPU
		{268D119A-0C5B-47AC-9B80-28B6B3753BD7}.Release|Any CPU.Build.0 = Release|Any CPU
	EndGlobalSection
	GlobalSection(SolutionProperties) = preSolution
		HideSolutionNode = FALSE
	EndGlobalSection
	GlobalSection(ExtensibilityGlobals) = postSolution
		SolutionGuid = {788CC02F-FA0B-4240-970E-852FF7F5D4BA}
	EndGlobalSection
EndGlobal
